
Microsoft Visual Studio Solution File, Format Version 12.00
# Visual Studio 15
VisualStudioVersion = 15.0.27703.2000
MinimumVisualStudioVersion = 10.0.40219.1
Project("{FAE04EC0-301F-11D3-BF4B-00C04F79EFBC}") = "GetTaskSchedulerHistory", "GetTaskSchedulerHistory\GetTaskSchedulerHistory.csproj", "{895F7543-96C1-46E1-A4D9-AB941F531A5A}"
EndProject
Global
	GlobalSection(SolutionConfigurationPlatforms) = preSolution
		Debug|Any CPU = Debug|Any CPU
		Release|Any CPU = Release|Any CPU
	EndGlobalSection
	GlobalSection(ProjectConfigurationPlatforms) = postSolution
		{895F7543-96C1-46E1-A4D9-AB941F531A5A}.Debug|Any CPU.ActiveCfg = Debug|Any CPU
		{895F7543-96C1-46E1-A4D9-AB941F531A5A}.Debug|Any CPU.Build.0 = Debug|Any CPU
		{895F7543-96C1-46E1-A4D9-AB941F531A5A}.Release|Any CPU.ActiveCfg = Release|Any CPU
		{895F7543-96C1-46E1-A4D9-AB941F531A5A}.Release|Any CPU.Build.0 = Release|Any CPU
	EndGlobalSection
	GlobalSection(SolutionProperties) = preSolution
		HideSolutionNode = FALSE
	EndGlobalSection
	GlobalSection(ExtensibilityGlobals) = postSolution
		SolutionGuid = {D7C4BEA5-8881-4502-B3FD-9C4D23E3D162}
	EndGlobalSection
EndGlobal
